// !$*UTF8*$!
{
	archiveVersion = 1;
	classes = {
	};
	objectVersion = 56;
	objects = {

/* Begin PBXBuildFile section */
		AD0986512BA6DA1400CDDE39 /* Endpoint.swift in Sources */ = {isa = PBXBuildFile; fileRef = AD0986502BA6DA1400CDDE39 /* Endpoint.swift */; };
		AD0986552BA6E49100CDDE39 /* MapperError.swift in Sources */ = {isa = PBXBuildFile; fileRef = AD0986542BA6E49100CDDE39 /* MapperError.swift */; };
		AD0986592BA6F2B600CDDE39 /* NetworkRouter.swift in Sources */ = {isa = PBXBuildFile; fileRef = AD0986582BA6F2B600CDDE39 /* NetworkRouter.swift */; };
		AD09865B2BA6F37E00CDDE39 /* NetworkServiceErrors.swift in Sources */ = {isa = PBXBuildFile; fileRef = AD09865A2BA6F37E00CDDE39 /* NetworkServiceErrors.swift */; };
		AD09865F2BA88FD800CDDE39 /* PhotoServiceDownloader.swift in Sources */ = {isa = PBXBuildFile; fileRef = AD09865E2BA88FD800CDDE39 /* PhotoServiceDownloader.swift */; };
		AD0986612BAA2A9D00CDDE39 /* SortViewController.swift in Sources */ = {isa = PBXBuildFile; fileRef = AD0986602BAA2A9D00CDDE39 /* SortViewController.swift */; };
		AD410F2A2BAB59CD00FAF3D5 /* CustomHeaderView.swift in Sources */ = {isa = PBXBuildFile; fileRef = AD410F292BAB59CD00FAF3D5 /* CustomHeaderView.swift */; };
		ADC5128E2B9E369C00A537EC /* AppDelegate.swift in Sources */ = {isa = PBXBuildFile; fileRef = ADC5128D2B9E369C00A537EC /* AppDelegate.swift */; };
		ADC512902B9E369C00A537EC /* SceneDelegate.swift in Sources */ = {isa = PBXBuildFile; fileRef = ADC5128F2B9E369C00A537EC /* SceneDelegate.swift */; };
		ADC512922B9E369C00A537EC /* PeopleViewController.swift in Sources */ = {isa = PBXBuildFile; fileRef = ADC512912B9E369C00A537EC /* PeopleViewController.swift */; };
		ADC512972B9E369D00A537EC /* Assets.xcassets in Resources */ = {isa = PBXBuildFile; fileRef = ADC512962B9E369D00A537EC /* Assets.xcassets */; };
		ADC5129A2B9E369D00A537EC /* LaunchScreen.storyboard in Resources */ = {isa = PBXBuildFile; fileRef = ADC512982B9E369D00A537EC /* LaunchScreen.storyboard */; };
		ADC512A32B9E3A4900A537EC /* CoordinatorProtocol.swift in Sources */ = {isa = PBXBuildFile; fileRef = ADC512A22B9E3A4900A537EC /* CoordinatorProtocol.swift */; };
		ADC512A62B9E3A7300A537EC /* MainCoordinator.swift in Sources */ = {isa = PBXBuildFile; fileRef = ADC512A52B9E3A7300A537EC /* MainCoordinator.swift */; };
		ADC512A82B9E3ACB00A537EC /* PeopleFlowCoordinator.swift in Sources */ = {isa = PBXBuildFile; fileRef = ADC512A72B9E3ACB00A537EC /* PeopleFlowCoordinator.swift */; };
		ADC512AB2B9E49E600A537EC /* PeopleViewModel.swift in Sources */ = {isa = PBXBuildFile; fileRef = ADC512AA2B9E49E600A537EC /* PeopleViewModel.swift */; };
		ADC512AD2B9E4A2600A537EC /* DetailViewController.swift in Sources */ = {isa = PBXBuildFile; fileRef = ADC512AC2B9E4A2600A537EC /* DetailViewController.swift */; };
		ADC512B02B9E4A4300A537EC /* DetailViewModel.swift in Sources */ = {isa = PBXBuildFile; fileRef = ADC512AF2B9E4A4300A537EC /* DetailViewModel.swift */; };
		ADC512B22B9E4EA800A537EC /* NetworkService.swift in Sources */ = {isa = PBXBuildFile; fileRef = ADC512B12B9E4EA800A537EC /* NetworkService.swift */; };
		ADC512B52B9E4F8B00A537EC /* DataMapper.swift in Sources */ = {isa = PBXBuildFile; fileRef = ADC512B42B9E4F8B00A537EC /* DataMapper.swift */; };
		ADC512B82B9E50DF00A537EC /* RouterError.swift in Sources */ = {isa = PBXBuildFile; fileRef = ADC512B72B9E50DF00A537EC /* RouterError.swift */; };
		ADC512BA2B9E52DE00A537EC /* PersonModel.swift in Sources */ = {isa = PBXBuildFile; fileRef = ADC512B92B9E52DE00A537EC /* PersonModel.swift */; };
		ADC512BD2B9E55CF00A537EC /* FilterCell.swift in Sources */ = {isa = PBXBuildFile; fileRef = ADC512BC2B9E55CF00A537EC /* FilterCell.swift */; };
		ADC512C22B9E569000A537EC /* Constants.swift in Sources */ = {isa = PBXBuildFile; fileRef = ADC512C12B9E569000A537EC /* Constants.swift */; };
		ADC512C42B9E571700A537EC /* PersonCell.swift in Sources */ = {isa = PBXBuildFile; fileRef = ADC512C32B9E571700A537EC /* PersonCell.swift */; };
		ADC512C62B9E572100A537EC /* SkeletonCell.swift in Sources */ = {isa = PBXBuildFile; fileRef = ADC512C52B9E572100A537EC /* SkeletonCell.swift */; };
		ADC512CA2B9E577300A537EC /* DetailCell.swift in Sources */ = {isa = PBXBuildFile; fileRef = ADC512C92B9E577300A537EC /* DetailCell.swift */; };
		ADC512CE2B9E57D200A537EC /* UIView + ext.swift in Sources */ = {isa = PBXBuildFile; fileRef = ADC512CD2B9E57D200A537EC /* UIView + ext.swift */; };
		ADC512D02B9E581A00A537EC /* Print + ext.swift in Sources */ = {isa = PBXBuildFile; fileRef = ADC512CF2B9E581A00A537EC /* Print + ext.swift */; };
/* End PBXBuildFile section */

/* Begin PBXFileReference section */
		AD0986502BA6DA1400CDDE39 /* Endpoint.swift */ = {isa = PBXFileReference; lastKnownFileType = sourcecode.swift; path = Endpoint.swift; sourceTree = "<group>"; };
		AD0986542BA6E49100CDDE39 /* MapperError.swift */ = {isa = PBXFileReference; lastKnownFileType = sourcecode.swift; path = MapperError.swift; sourceTree = "<group>"; };
		AD0986582BA6F2B600CDDE39 /* NetworkRouter.swift */ = {isa = PBXFileReference; lastKnownFileType = sourcecode.swift; path = NetworkRouter.swift; sourceTree = "<group>"; };
		AD09865A2BA6F37E00CDDE39 /* NetworkServiceErrors.swift */ = {isa = PBXFileReference; lastKnownFileType = sourcecode.swift; path = NetworkServiceErrors.swift; sourceTree = "<group>"; };
		AD09865E2BA88FD800CDDE39 /* PhotoServiceDownloader.swift */ = {isa = PBXFileReference; lastKnownFileType = sourcecode.swift; path = PhotoServiceDownloader.swift; sourceTree = "<group>"; };
		AD0986602BAA2A9D00CDDE39 /* SortViewController.swift */ = {isa = PBXFileReference; lastKnownFileType = sourcecode.swift; path = SortViewController.swift; sourceTree = "<group>"; };
		AD410F292BAB59CD00FAF3D5 /* CustomHeaderView.swift */ = {isa = PBXFileReference; lastKnownFileType = sourcecode.swift; path = CustomHeaderView.swift; sourceTree = "<group>"; };
		ADC5128A2B9E369C00A537EC /* People.app */ = {isa = PBXFileReference; explicitFileType = wrapper.application; includeInIndex = 0; path = People.app; sourceTree = BUILT_PRODUCTS_DIR; };
		ADC5128D2B9E369C00A537EC /* AppDelegate.swift */ = {isa = PBXFileReference; lastKnownFileType = sourcecode.swift; path = AppDelegate.swift; sourceTree = "<group>"; };
		ADC5128F2B9E369C00A537EC /* SceneDelegate.swift */ = {isa = PBXFileReference; lastKnownFileType = sourcecode.swift; path = SceneDelegate.swift; sourceTree = "<group>"; };
		ADC512912B9E369C00A537EC /* PeopleViewController.swift */ = {isa = PBXFileReference; lastKnownFileType = sourcecode.swift; path = PeopleViewController.swift; sourceTree = "<group>"; };
		ADC512962B9E369D00A537EC /* Assets.xcassets */ = {isa = PBXFileReference; lastKnownFileType = folder.assetcatalog; path = Assets.xcassets; sourceTree = "<group>"; };
		ADC512992B9E369D00A537EC /* Base */ = {isa = PBXFileReference; lastKnownFileType = file.storyboard; name = Base; path = Base.lproj/LaunchScreen.storyboard; sourceTree = "<group>"; };
		ADC5129B2B9E369D00A537EC /* Info.plist */ = {isa = PBXFileReference; lastKnownFileType = text.plist.xml; path = Info.plist; sourceTree = "<group>"; };
		ADC512A22B9E3A4900A537EC /* CoordinatorProtocol.swift */ = {isa = PBXFileReference; lastKnownFileType = sourcecode.swift; path = CoordinatorProtocol.swift; sourceTree = "<group>"; };
		ADC512A52B9E3A7300A537EC /* MainCoordinator.swift */ = {isa = PBXFileReference; lastKnownFileType = sourcecode.swift; path = MainCoordinator.swift; sourceTree = "<group>"; };
		ADC512A72B9E3ACB00A537EC /* PeopleFlowCoordinator.swift */ = {isa = PBXFileReference; lastKnownFileType = sourcecode.swift; path = PeopleFlowCoordinator.swift; sourceTree = "<group>"; };
		ADC512AA2B9E49E600A537EC /* PeopleViewModel.swift */ = {isa = PBXFileReference; lastKnownFileType = sourcecode.swift; path = PeopleViewModel.swift; sourceTree = "<group>"; };
		ADC512AC2B9E4A2600A537EC /* DetailViewController.swift */ = {isa = PBXFileReference; lastKnownFileType = sourcecode.swift; path = DetailViewController.swift; sourceTree = "<group>"; };
		ADC512AF2B9E4A4300A537EC /* DetailViewModel.swift */ = {isa = PBXFileReference; lastKnownFileType = sourcecode.swift; path = DetailViewModel.swift; sourceTree = "<group>"; };
		ADC512B12B9E4EA800A537EC /* NetworkService.swift */ = {isa = PBXFileReference; lastKnownFileType = sourcecode.swift; path = NetworkService.swift; sourceTree = "<group>"; };
		ADC512B42B9E4F8B00A537EC /* DataMapper.swift */ = {isa = PBXFileReference; lastKnownFileType = sourcecode.swift; path = DataMapper.swift; sourceTree = "<group>"; };
		ADC512B72B9E50DF00A537EC /* RouterError.swift */ = {isa = PBXFileReference; lastKnownFileType = sourcecode.swift; path = RouterError.swift; sourceTree = "<group>"; };
		ADC512B92B9E52DE00A537EC /* PersonModel.swift */ = {isa = PBXFileReference; lastKnownFileType = sourcecode.swift; path = PersonModel.swift; sourceTree = "<group>"; };
		ADC512BC2B9E55CF00A537EC /* FilterCell.swift */ = {isa = PBXFileReference; lastKnownFileType = sourcecode.swift; path = FilterCell.swift; sourceTree = "<group>"; };
		ADC512C12B9E569000A537EC /* Constants.swift */ = {isa = PBXFileReference; lastKnownFileType = sourcecode.swift; path = Constants.swift; sourceTree = "<group>"; };
		ADC512C32B9E571700A537EC /* PersonCell.swift */ = {isa = PBXFileReference; lastKnownFileType = sourcecode.swift; path = PersonCell.swift; sourceTree = "<group>"; };
		ADC512C52B9E572100A537EC /* SkeletonCell.swift */ = {isa = PBXFileReference; lastKnownFileType = sourcecode.swift; path = SkeletonCell.swift; sourceTree = "<group>"; };
		ADC512C92B9E577300A537EC /* DetailCell.swift */ = {isa = PBXFileReference; lastKnownFileType = sourcecode.swift; path = DetailCell.swift; sourceTree = "<group>"; };
		ADC512CD2B9E57D200A537EC /* UIView + ext.swift */ = {isa = PBXFileReference; lastKnownFileType = sourcecode.swift; path = "UIView + ext.swift"; sourceTree = "<group>"; };
		ADC512CF2B9E581A00A537EC /* Print + ext.swift */ = {isa = PBXFileReference; lastKnownFileType = sourcecode.swift; path = "Print + ext.swift"; sourceTree = "<group>"; };
/* End PBXFileReference section */

/* Begin PBXFrameworksBuildPhase section */
		ADC512872B9E369C00A537EC /* Frameworks */ = {
			isa = PBXFrameworksBuildPhase;
			buildActionMask = 2147483647;
			files = (
			);
			runOnlyForDeploymentPostprocessing = 0;
		};
/* End PBXFrameworksBuildPhase section */

/* Begin PBXGroup section */
		ADC512812B9E369C00A537EC = {
			isa = PBXGroup;
			children = (
				ADC5128C2B9E369C00A537EC /* People */,
				ADC5128B2B9E369C00A537EC /* Products */,
			);
			sourceTree = "<group>";
		};
		ADC5128B2B9E369C00A537EC /* Products */ = {
			isa = PBXGroup;
			children = (
				ADC5128A2B9E369C00A537EC /* People.app */,
			);
			name = Products;
			sourceTree = "<group>";
		};
		ADC5128C2B9E369C00A537EC /* People */ = {
			isa = PBXGroup;
			children = (
				ADC512A12B9E39D100A537EC /* Application */,
				ADC512A42B9E3A5900A537EC /* Coordinators */,
				ADC512B62B9E505A00A537EC /* CoreNetwork Layer */,
				ADC512B32B9E4F0600A537EC /* Business Layer */,
				ADC512BB2B9E52E300A537EC /* Model */,
				ADC512A92B9E49CE00A537EC /* People */,
				ADC512AE2B9E4A2A00A537EC /* Detail */,
				ADC512C02B9E563800A537EC /* Helpers */,
				ADC512962B9E369D00A537EC /* Assets.xcassets */,
				ADC512982B9E369D00A537EC /* LaunchScreen.storyboard */,
				ADC5129B2B9E369D00A537EC /* Info.plist */,
			);
			path = People;
			sourceTree = "<group>";
		};
		ADC512A12B9E39D100A537EC /* Application */ = {
			isa = PBXGroup;
			children = (
				ADC5128D2B9E369C00A537EC /* AppDelegate.swift */,
				ADC5128F2B9E369C00A537EC /* SceneDelegate.swift */,
			);
			path = Application;
			sourceTree = "<group>";
		};
		ADC512A42B9E3A5900A537EC /* Coordinators */ = {
			isa = PBXGroup;
			children = (
				ADC512A22B9E3A4900A537EC /* CoordinatorProtocol.swift */,
				ADC512A52B9E3A7300A537EC /* MainCoordinator.swift */,
				ADC512A72B9E3ACB00A537EC /* PeopleFlowCoordinator.swift */,
			);
			path = Coordinators;
			sourceTree = "<group>";
		};
		ADC512A92B9E49CE00A537EC /* People */ = {
			isa = PBXGroup;
			children = (
				AD0986602BAA2A9D00CDDE39 /* SortViewController.swift */,
				ADC512912B9E369C00A537EC /* PeopleViewController.swift */,
				ADC512AA2B9E49E600A537EC /* PeopleViewModel.swift */,
				ADC512C72B9E574100A537EC /* Cell */,
			);
			path = People;
			sourceTree = "<group>";
		};
		ADC512AE2B9E4A2A00A537EC /* Detail */ = {
			isa = PBXGroup;
			children = (
				ADC512AC2B9E4A2600A537EC /* DetailViewController.swift */,
				ADC512AF2B9E4A4300A537EC /* DetailViewModel.swift */,
				ADC512CC2B9E577E00A537EC /* Cell */,
			);
			path = Detail;
			sourceTree = "<group>";
		};
		ADC512B32B9E4F0600A537EC /* Business Layer */ = {
			isa = PBXGroup;
			children = (
				ADC512B12B9E4EA800A537EC /* NetworkService.swift */,
				AD09865E2BA88FD800CDDE39 /* PhotoServiceDownloader.swift */,
				AD09865A2BA6F37E00CDDE39 /* NetworkServiceErrors.swift */,
			);
			path = "Business Layer";
			sourceTree = "<group>";
		};
		ADC512B62B9E505A00A537EC /* CoreNetwork Layer */ = {
			isa = PBXGroup;
			children = (
				ADC512B42B9E4F8B00A537EC /* DataMapper.swift */,
				AD0986502BA6DA1400CDDE39 /* Endpoint.swift */,
				AD0986542BA6E49100CDDE39 /* MapperError.swift */,
				ADC512B72B9E50DF00A537EC /* RouterError.swift */,
				AD0986582BA6F2B600CDDE39 /* NetworkRouter.swift */,
			);
			path = "CoreNetwork Layer";
			sourceTree = "<group>";
		};
		ADC512BB2B9E52E300A537EC /* Model */ = {
			isa = PBXGroup;
			children = (
				ADC512B92B9E52DE00A537EC /* PersonModel.swift */,
			);
			path = Model;
			sourceTree = "<group>";
		};
		ADC512C02B9E563800A537EC /* Helpers */ = {
			isa = PBXGroup;
			children = (
				ADC512C12B9E569000A537EC /* Constants.swift */,
				ADC512CF2B9E581A00A537EC /* Print + ext.swift */,
				ADC512CD2B9E57D200A537EC /* UIView + ext.swift */,
			);
			path = Helpers;
			sourceTree = "<group>";
		};
		ADC512C72B9E574100A537EC /* Cell */ = {
			isa = PBXGroup;
			children = (
				ADC512BC2B9E55CF00A537EC /* FilterCell.swift */,
				ADC512C32B9E571700A537EC /* PersonCell.swift */,
				AD410F292BAB59CD00FAF3D5 /* CustomHeaderView.swift */,
				ADC512C52B9E572100A537EC /* SkeletonCell.swift */,
			);
			path = Cell;
			sourceTree = "<group>";
		};
		ADC512CC2B9E577E00A537EC /* Cell */ = {
			isa = PBXGroup;
			children = (
				ADC512C92B9E577300A537EC /* DetailCell.swift */,
			);
			path = Cell;
			sourceTree = "<group>";
		};
/* End PBXGroup section */

/* Begin PBXNativeTarget section */
		ADC512892B9E369C00A537EC /* People */ = {
			isa = PBXNativeTarget;
			buildConfigurationList = ADC5129E2B9E369D00A537EC /* Build configuration list for PBXNativeTarget "People" */;
			buildPhases = (
				ADC512862B9E369C00A537EC /* Sources */,
				ADC512872B9E369C00A537EC /* Frameworks */,
				ADC512882B9E369C00A537EC /* Resources */,
			);
			buildRules = (
			);
			dependencies = (
			);
			name = People;
			productName = People;
			productReference = ADC5128A2B9E369C00A537EC /* People.app */;
			productType = "com.apple.product-type.application";
		};
/* End PBXNativeTarget section */

/* Begin PBXProject section */
		ADC512822B9E369C00A537EC /* Project object */ = {
			isa = PBXProject;
			attributes = {
				BuildIndependentTargetsInParallel = 1;
				LastSwiftUpdateCheck = 1430;
				LastUpgradeCheck = 1430;
				TargetAttributes = {
					ADC512892B9E369C00A537EC = {
						CreatedOnToolsVersion = 14.3.1;
					};
				};
			};
			buildConfigurationList = ADC512852B9E369C00A537EC /* Build configuration list for PBXProject "People" */;
			compatibilityVersion = "Xcode 14.0";
			developmentRegion = en;
			hasScannedForEncodings = 0;
			knownRegions = (
				en,
				Base,
			);
			mainGroup = ADC512812B9E369C00A537EC;
			productRefGroup = ADC5128B2B9E369C00A537EC /* Products */;
			projectDirPath = "";
			projectRoot = "";
			targets = (
				ADC512892B9E369C00A537EC /* People */,
			);
		};
/* End PBXProject section */

/* Begin PBXResourcesBuildPhase section */
		ADC512882B9E369C00A537EC /* Resources */ = {
			isa = PBXResourcesBuildPhase;
			buildActionMask = 2147483647;
			files = (
				ADC5129A2B9E369D00A537EC /* LaunchScreen.storyboard in Resources */,
				ADC512972B9E369D00A537EC /* Assets.xcassets in Resources */,
			);
			runOnlyForDeploymentPostprocessing = 0;
		};
/* End PBXResourcesBuildPhase section */

/* Begin PBXSourcesBuildPhase section */
		ADC512862B9E369C00A537EC /* Sources */ = {
			isa = PBXSourcesBuildPhase;
			buildActionMask = 2147483647;
			files = (
				ADC512BA2B9E52DE00A537EC /* PersonModel.swift in Sources */,
				ADC512B22B9E4EA800A537EC /* NetworkService.swift in Sources */,
				ADC512922B9E369C00A537EC /* PeopleViewController.swift in Sources */,
				AD09865F2BA88FD800CDDE39 /* PhotoServiceDownloader.swift in Sources */,
				ADC5128E2B9E369C00A537EC /* AppDelegate.swift in Sources */,
				ADC512C62B9E572100A537EC /* SkeletonCell.swift in Sources */,
				ADC512A32B9E3A4900A537EC /* CoordinatorProtocol.swift in Sources */,
				ADC512A62B9E3A7300A537EC /* MainCoordinator.swift in Sources */,
				ADC512B02B9E4A4300A537EC /* DetailViewModel.swift in Sources */,
				ADC512C22B9E569000A537EC /* Constants.swift in Sources */,
				AD410F2A2BAB59CD00FAF3D5 /* CustomHeaderView.swift in Sources */,
				ADC512BD2B9E55CF00A537EC /* FilterCell.swift in Sources */,
				AD0986612BAA2A9D00CDDE39 /* SortViewController.swift in Sources */,
				ADC512AB2B9E49E600A537EC /* PeopleViewModel.swift in Sources */,
				ADC512D02B9E581A00A537EC /* Print + ext.swift in Sources */,
				ADC512902B9E369C00A537EC /* SceneDelegate.swift in Sources */,
				ADC512A82B9E3ACB00A537EC /* PeopleFlowCoordinator.swift in Sources */,
				ADC512CE2B9E57D200A537EC /* UIView + ext.swift in Sources */,
				ADC512B52B9E4F8B00A537EC /* DataMapper.swift in Sources */,
				AD0986592BA6F2B600CDDE39 /* NetworkRouter.swift in Sources */,
				AD09865B2BA6F37E00CDDE39 /* NetworkServiceErrors.swift in Sources */,
				ADC512AD2B9E4A2600A537EC /* DetailViewController.swift in Sources */,
				AD0986552BA6E49100CDDE39 /* MapperError.swift in Sources */,
				ADC512C42B9E571700A537EC /* PersonCell.swift in Sources */,
				ADC512CA2B9E577300A537EC /* DetailCell.swift in Sources */,
				AD0986512BA6DA1400CDDE39 /* Endpoint.swift in Sources */,
				ADC512B82B9E50DF00A537EC /* RouterError.swift in Sources */,
			);
			runOnlyForDeploymentPostprocessing = 0;
		};
/* End PBXSourcesBuildPhase section */

/* Begin PBXVariantGroup section */
		ADC512982B9E369D00A537EC /* LaunchScreen.storyboard */ = {
			isa = PBXVariantGroup;
			children = (
				ADC512992B9E369D00A537EC /* Base */,
			);
			name = LaunchScreen.storyboard;
			sourceTree = "<group>";
		};
/* End PBXVariantGroup section */

/* Begin XCBuildConfiguration section */
		ADC5129C2B9E369D00A537EC /* Debug */ = {
			isa = XCBuildConfiguration;
			buildSettings = {
				ALWAYS_SEARCH_USER_PATHS = NO;
				CLANG_ANALYZER_NONNULL = YES;
				CLANG_ANALYZER_NUMBER_OBJECT_CONVERSION = YES_AGGRESSIVE;
				CLANG_CXX_LANGUAGE_STANDARD = "gnu++20";
				CLANG_ENABLE_MODULES = YES;
				CLANG_ENABLE_OBJC_ARC = YES;
				CLANG_ENABLE_OBJC_WEAK = YES;
				CLANG_WARN_BLOCK_CAPTURE_AUTORELEASING = YES;
				CLANG_WARN_BOOL_CONVERSION = YES;
				CLANG_WARN_COMMA = YES;
				CLANG_WARN_CONSTANT_CONVERSION = YES;
				CLANG_WARN_DEPRECATED_OBJC_IMPLEMENTATIONS = YES;
				CLANG_WARN_DIRECT_OBJC_ISA_USAGE = YES_ERROR;
				CLANG_WARN_DOCUMENTATION_COMMENTS = YES;
				CLANG_WARN_EMPTY_BODY = YES;
				CLANG_WARN_ENUM_CONVERSION = YES;
				CLANG_WARN_INFINITE_RECURSION = YES;
				CLANG_WARN_INT_CONVERSION = YES;
				CLANG_WARN_NON_LITERAL_NULL_CONVERSION = YES;
				CLANG_WARN_OBJC_IMPLICIT_RETAIN_SELF = YES;
				CLANG_WARN_OBJC_LITERAL_CONVERSION = YES;
				CLANG_WARN_OBJC_ROOT_CLASS = YES_ERROR;
				CLANG_WARN_QUOTED_INCLUDE_IN_FRAMEWORK_HEADER = YES;
				CLANG_WARN_RANGE_LOOP_ANALYSIS = YES;
				CLANG_WARN_STRICT_PROTOTYPES = YES;
				CLANG_WARN_SUSPICIOUS_MOVE = YES;
				CLANG_WARN_UNGUARDED_AVAILABILITY = YES_AGGRESSIVE;
				CLANG_WARN_UNREACHABLE_CODE = YES;
				CLANG_WARN__DUPLICATE_METHOD_MATCH = YES;
				COPY_PHASE_STRIP = NO;
				DEBUG_INFORMATION_FORMAT = dwarf;
				ENABLE_STRICT_OBJC_MSGSEND = YES;
				ENABLE_TESTABILITY = YES;
				GCC_C_LANGUAGE_STANDARD = gnu11;
				GCC_DYNAMIC_NO_PIC = NO;
				GCC_NO_COMMON_BLOCKS = YES;
				GCC_OPTIMIZATION_LEVEL = 0;
				GCC_PREPROCESSOR_DEFINITIONS = (
					"DEBUG=1",
					"$(inherited)",
				);
				GCC_WARN_64_TO_32_BIT_CONVERSION = YES;
				GCC_WARN_ABOUT_RETURN_TYPE = YES_ERROR;
				GCC_WARN_UNDECLARED_SELECTOR = YES;
				GCC_WARN_UNINITIALIZED_AUTOS = YES_AGGRESSIVE;
				GCC_WARN_UNUSED_FUNCTION = YES;
				GCC_WARN_UNUSED_VARIABLE = YES;
				IPHONEOS_DEPLOYMENT_TARGET = 15.0;
				MTL_ENABLE_DEBUG_INFO = INCLUDE_SOURCE;
				MTL_FAST_MATH = YES;
				ONLY_ACTIVE_ARCH = YES;
				SDKROOT = iphoneos;
				SWIFT_ACTIVE_COMPILATION_CONDITIONS = DEBUG;
				SWIFT_OPTIMIZATION_LEVEL = "-Onone";
			};
			name = Debug;
		};
		ADC5129D2B9E369D00A537EC /* Release */ = {
			isa = XCBuildConfiguration;
			buildSettings = {
				ALWAYS_SEARCH_USER_PATHS = NO;
				CLANG_ANALYZER_NONNULL = YES;
				CLANG_ANALYZER_NUMBER_OBJECT_CONVERSION = YES_AGGRESSIVE;
				CLANG_CXX_LANGUAGE_STANDARD = "gnu++20";
				CLANG_ENABLE_MODULES = YES;
				CLANG_ENABLE_OBJC_ARC = YES;
				CLANG_ENABLE_OBJC_WEAK = YES;
				CLANG_WARN_BLOCK_CAPTURE_AUTORELEASING = YES;
				CLANG_WARN_BOOL_CONVERSION = YES;
				CLANG_WARN_COMMA = YES;
				CLANG_WARN_CONSTANT_CONVERSION = YES;
				CLANG_WARN_DEPRECATED_OBJC_IMPLEMENTATIONS = YES;
				CLANG_WARN_DIRECT_OBJC_ISA_USAGE = YES_ERROR;
				CLANG_WARN_DOCUMENTATION_COMMENTS = YES;
				CLANG_WARN_EMPTY_BODY = YES;
				CLANG_WARN_ENUM_CONVERSION = YES;
				CLANG_WARN_INFINITE_RECURSION = YES;
				CLANG_WARN_INT_CONVERSION = YES;
				CLANG_WARN_NON_LITERAL_NULL_CONVERSION = YES;
				CLANG_WARN_OBJC_IMPLICIT_RETAIN_SELF = YES;
				CLANG_WARN_OBJC_LITERAL_CONVERSION = YES;
				CLANG_WARN_OBJC_ROOT_CLASS = YES_ERROR;
				CLANG_WARN_QUOTED_INCLUDE_IN_FRAMEWORK_HEADER = YES;
				CLANG_WARN_RANGE_LOOP_ANALYSIS = YES;
				CLANG_WARN_STRICT_PROTOTYPES = YES;
				CLANG_WARN_SUSPICIOUS_MOVE = YES;
				CLANG_WARN_UNGUARDED_AVAILABILITY = YES_AGGRESSIVE;
				CLANG_WARN_UNREACHABLE_CODE = YES;
				CLANG_WARN__DUPLICATE_METHOD_MATCH = YES;
				COPY_PHASE_STRIP = NO;
				DEBUG_INFORMATION_FORMAT = "dwarf-with-dsym";
				ENABLE_NS_ASSERTIONS = NO;
				ENABLE_STRICT_OBJC_MSGSEND = YES;
				GCC_C_LANGUAGE_STANDARD = gnu11;
				GCC_NO_COMMON_BLOCKS = YES;
				GCC_WARN_64_TO_32_BIT_CONVERSION = YES;
				GCC_WARN_ABOUT_RETURN_TYPE = YES_ERROR;
				GCC_WARN_UNDECLARED_SELECTOR = YES;
				GCC_WARN_UNINITIALIZED_AUTOS = YES_AGGRESSIVE;
				GCC_WARN_UNUSED_FUNCTION = YES;
				GCC_WARN_UNUSED_VARIABLE = YES;
				IPHONEOS_DEPLOYMENT_TARGET = 15.0;
				MTL_ENABLE_DEBUG_INFO = NO;
				MTL_FAST_MATH = YES;
				SDKROOT = iphoneos;
				SWIFT_COMPILATION_MODE = wholemodule;
				SWIFT_OPTIMIZATION_LEVEL = "-O";
				VALIDATE_PRODUCT = YES;
			};
			name = Release;
		};
		ADC5129F2B9E369D00A537EC /* Debug */ = {
			isa = XCBuildConfiguration;
			buildSettings = {
				ASSETCATALOG_COMPILER_APPICON_NAME = AppIcon;
				ASSETCATALOG_COMPILER_GLOBAL_ACCENT_COLOR_NAME = AccentColor;
				CODE_SIGN_STYLE = Automatic;
				CURRENT_PROJECT_VERSION = 1;
				DEVELOPMENT_TEAM = 994K78QDG8;
				GENERATE_INFOPLIST_FILE = YES;
				INFOPLIST_FILE = People/Info.plist;
				INFOPLIST_KEY_UIApplicationSupportsIndirectInputEvents = YES;
				INFOPLIST_KEY_UILaunchStoryboardName = LaunchScreen;
				INFOPLIST_KEY_UISupportedInterfaceOrientations_iPad = "UIInterfaceOrientationPortrait UIInterfaceOrientationPortraitUpsideDown UIInterfaceOrientationLandscapeLeft UIInterfaceOrientationLandscapeRight";
				INFOPLIST_KEY_UISupportedInterfaceOrientations_iPhone = "UIInterfaceOrientationPortrait UIInterfaceOrientationLandscapeLeft UIInterfaceOrientationLandscapeRight";
				LD_RUNPATH_SEARCH_PATHS = (
					"$(inherited)",
					"@executable_path/Frameworks",
				);
				MARKETING_VERSION = 1.0;
				PRODUCT_BUNDLE_IDENTIFIER = i.People;
				PRODUCT_NAME = "$(TARGET_NAME)";
				SWIFT_EMIT_LOC_STRINGS = YES;
				SWIFT_VERSION = 5.0;
				TARGETED_DEVICE_FAMILY = "1,2";
			};
			name = Debug;
		};
		ADC512A02B9E369D00A537EC /* Release */ = {
			isa = XCBuildConfiguration;
			buildSettings = {
				ASSETCATALOG_COMPILER_APPICON_NAME = AppIcon;
				ASSETCATALOG_COMPILER_GLOBAL_ACCENT_COLOR_NAME = AccentColor;
				CODE_SIGN_STYLE = Automatic;
				CURRENT_PROJECT_VERSION = 1;
				DEVELOPMENT_TEAM = 994K78QDG8;
				GENERATE_INFOPLIST_FILE = YES;
				INFOPLIST_FILE = People/Info.plist;
				INFOPLIST_KEY_UIApplicationSupportsIndirectInputEvents = YES;
				INFOPLIST_KEY_UILaunchStoryboardName = LaunchScreen;
				INFOPLIST_KEY_UISupportedInterfaceOrientations_iPad = "UIInterfaceOrientationPortrait UIInterfaceOrientationPortraitUpsideDown UIInterfaceOrientationLandscapeLeft UIInterfaceOrientationLandscapeRight";
				INFOPLIST_KEY_UISupportedInterfaceOrientations_iPhone = "UIInterfaceOrientationPortrait UIInterfaceOrientationLandscapeLeft UIInterfaceOrientationLandscapeRight";
				LD_RUNPATH_SEARCH_PATHS = (
					"$(inherited)",
					"@executable_path/Frameworks",
				);
				MARKETING_VERSION = 1.0;
				PRODUCT_BUNDLE_IDENTIFIER = i.People;
				PRODUCT_NAME = "$(TARGET_NAME)";
				SWIFT_EMIT_LOC_STRINGS = YES;
				SWIFT_VERSION = 5.0;
				TARGETED_DEVICE_FAMILY = "1,2";
			};
			name = Release;
		};
/* End XCBuildConfiguration section */

/* Begin XCConfigurationList section */
		ADC512852B9E369C00A537EC /* Build configuration list for PBXProject "People" */ = {
			isa = XCConfigurationList;
			buildConfigurations = (
				ADC5129C2B9E369D00A537EC /* Debug */,
				ADC5129D2B9E369D00A537EC /* Release */,
			);
			defaultConfigurationIsVisible = 0;
			defaultConfigurationName = Release;
		};
		ADC5129E2B9E369D00A537EC /* Build configuration list for PBXNativeTarget "People" */ = {
			isa = XCConfigurationList;
			buildConfigurations = (
				ADC5129F2B9E369D00A537EC /* Debug */,
				ADC512A02B9E369D00A537EC /* Release */,
			);
			defaultConfigurationIsVisible = 0;
			defaultConfigurationName = Release;
		};
/* End XCConfigurationList section */
	};
	rootObject = ADC512822B9E369C00A537EC /* Project object */;
}
